dependencies:
  espressif/led_strip:
    component_hash: 28621486f77229aaf81c71f5e15d6fbf36c2949cf11094e07090593e659e7639
    dependencies:
    - name: idf
      require: private
      version: '>=5.0'
    source:
      registry_url: https://components.espressif.com/
      type: service
    version: 3.0.3
  espressif/ssd1306:
    component_hash: 102cfc05b1b304862fa3f494e9dd955844bcc5f6cb16596e4ca5df3e6bf9fd0d
    dependencies:
    - name: idf
      require: private
      version: '>=4.0'
    source:
      registry_url: https://components.espressif.com/
      type: service
    version: 1.0.5~1
  idf:
    source:
      type: idf
    version: 6.0.0
direct_dependencies:
- espressif/led_strip
- espressif/ssd1306
manifest_hash: 9cac7846d3086bd879066b448533f0bd77d5966391059b3e411bf62868c2897a
target: esp32s3
version: 3.0.0
